
Microsoft Visual Studio Solution File, Format Version 12.00
# Visual Studio Version 17
VisualStudioVersion = 17.1.32210.238
MinimumVisualStudioVersion = 10.0.40219.1
Project("{FAE04EC0-301F-11D3-BF4B-00C04F79EFBC}") = "Backend", "Backend\Backend.csproj", "{4E99792D-AB5F-4D3D-86A0-94CB3CA4C7CB}"
EndProject
Global
	GlobalSection(SolutionConfigurationPlatforms) = preSolution
		Debug|Any CPU = Debug|Any CPU
		Release|Any CPU = Release|Any CPU
	EndGlobalSection
	GlobalSection(ProjectConfigurationPlatforms) = postSolution
		{4E99792D-AB5F-4D3D-86A0-94CB3CA4C7CB}.Debug|Any CPU.ActiveCfg = Debug|Any CPU
		{4E99792D-AB5F-4D3D-86A0-94CB3CA4C7CB}.Debug|Any CPU.Build.0 = Debug|Any CPU
		{4E99792D-AB5F-4D3D-86A0-94CB3CA4C7CB}.Release|Any CPU.ActiveCfg = Release|Any CPU
		{4E99792D-AB5F-4D3D-86A0-94CB3CA4C7CB}.Release|Any CPU.Build.0 = Release|Any CPU
	EndGlobalSection
	GlobalSection(SolutionProperties) = preSolution
		HideSolutionNode = FALSE
	EndGlobalSection
	GlobalSection(ExtensibilityGlobals) = postSolution
		SolutionGuid = {A3C09EC3-7B0E-4FB5-AF9C-576297A2F476}
	EndGlobalSection
EndGlobal
